
Microsoft Visual Studio Solution File, Format Version 12.00
# Visual Studio Version 16
VisualStudioVersion = 16.0.30709.132
MinimumVisualStudioVersion = 10.0.40219.1
Project("{FAE04EC0-301F-11D3-BF4B-00C04F79EFBC}") = "CarDealer", "CarDealer\CarDealer.csproj", "{3C547723-0EBF-4315-B3BC-2FBCF767BF72}"
EndProject
Global
	GlobalSection(SolutionConfigurationPlatforms) = preSolution
		Debug|Any CPU = Debug|Any CPU
		Release|Any CPU = Release|Any CPU
	EndGlobalSection
	GlobalSection(ProjectConfigurationPlatforms) = postSolution
		{3C547723-0EBF-4315-B3BC-2FBCF767BF72}.Debug|Any CPU.ActiveCfg = Debug|Any CPU
		{3C547723-0EBF-4315-B3BC-2FBCF767BF72}.Debug|Any CPU.Build.0 = Debug|Any CPU
		{3C547723-0EBF-4315-B3BC-2FBCF767BF72}.Release|Any CPU.ActiveCfg = Release|Any CPU
		{3C547723-0EBF-4315-B3BC-2FBCF767BF72}.Release|Any CPU.Build.0 = Release|Any CPU
	EndGlobalSection
	GlobalSection(SolutionProperties) = preSolution
		HideSolutionNode = FALSE
	EndGlobalSection
	GlobalSection(ExtensibilityGlobals) = postSolution
		SolutionGuid = {29A544A9-7A79-41CD-8FDB-688F67388EF2}
	EndGlobalSection
EndGlobal
